
Microsoft Visual Studio Solution File, Format Version 12.00
# Visual Studio 15
VisualStudioVersion = 15.0.27130.2036
MinimumVisualStudioVersion = 10.0.40219.1
Project("{FAE04EC0-301F-11D3-BF4B-00C04F79EFBC}") = "BankSystemHQC", "BankSystemHQC\BankSystemHQC.csproj", "{35A81301-D89A-4350-B8AA-3F76BF1D4524}"
EndProject
Project("{FAE04EC0-301F-11D3-BF4B-00C04F79EFBC}") = "BankSideTest", "BankSideTest\BankSideTest.csproj", "{DD03A495-7688-45AF-9191-6DD7F056283A}"
EndProject
Global
	GlobalSection(SolutionConfigurationPlatforms) = preSolution
		Debug|Any CPU = Debug|Any CPU
		Release|Any CPU = Release|Any CPU
	EndGlobalSection
	GlobalSection(ProjectConfigurationPlatforms) = postSolution
		{35A81301-D89A-4350-B8AA-3F76BF1D4524}.Debug|Any CPU.ActiveCfg = Debug|Any CPU
		{35A81301-D89A-4350-B8AA-3F76BF1D4524}.Debug|Any CPU.Build.0 = Debug|Any CPU
		{35A81301-D89A-4350-B8AA-3F76BF1D4524}.Release|Any CPU.ActiveCfg = Release|Any CPU
		{35A81301-D89A-4350-B8AA-3F76BF1D4524}.Release|Any CPU.Build.0 = Release|Any CPU
		{DD03A495-7688-45AF-9191-6DD7F056283A}.Debug|Any CPU.ActiveCfg = Debug|Any CPU
		{DD03A495-7688-45AF-9191-6DD7F056283A}.Debug|Any CPU.Build.0 = Debug|Any CPU
		{DD03A495-7688-45AF-9191-6DD7F056283A}.Release|Any CPU.ActiveCfg = Release|Any CPU
		{DD03A495-7688-45AF-9191-6DD7F056283A}.Release|Any CPU.Build.0 = Release|Any CPU
	EndGlobalSection
	GlobalSection(SolutionProperties) = preSolution
		HideSolutionNode = FALSE
	EndGlobalSection
	GlobalSection(ExtensibilityGlobals) = postSolution
		SolutionGuid = {92E6B441-F15B-479E-94F4-542349F2DB58}
	EndGlobalSection
EndGlobal
